// !$*UTF8*$!
{
	archiveVersion = 1;
	classes = {
	};
	objectVersion = 50;
	objects = {

/* Begin PBXBuildFile section */
		8F3BAA7B271992C3007F4E43 /* main.cpp in Sources */ = {isa = PBXBuildFile; fileRef = 8F3BAA7A271992C3007F4E43 /* main.cpp */; };
		8FA5B18E2719935D005F59A3 /* XPLM.framework in Frameworks */ = {isa = PBXBuildFile; fileRef = 8FA5B18D2719935D005F59A3 /* XPLM.framework */; };
		8FA5B1922719936D005F59A3 /* XPWidgets.framework in Frameworks */ = {isa = PBXBuildFile; fileRef = 8FA5B1912719936D005F59A3 /* XPWidgets.framework */; };
/* End PBXBuildFile section */

/* Begin PBXFileReference section */
		8F3BAA7A271992C3007F4E43 /* main.cpp */ = {isa = PBXFileReference; lastKnownFileType = sourcecode.cpp.cpp; path = main.cpp; sourceTree = "<group>"; };
		8F7B7F2B27199066008B0789 /* libHorizon_xpl.dylib */ = {isa = PBXFileReference; explicitFileType = "compiled.mach-o.dylib"; includeInIndex = 0; path = libHorizon_xpl.dylib; sourceTree = BUILT_PRODUCTS_DIR; };
		8FA5B18D2719935D005F59A3 /* XPLM.framework */ = {isa = PBXFileReference; lastKnownFileType = wrapper.framework; name = XPLM.framework; path = SDK/Libraries/Mac/XPLM.framework; sourceTree = "<group>"; };
		8FA5B1912719936D005F59A3 /* XPWidgets.framework */ = {isa = PBXFileReference; lastKnownFileType = wrapper.framework; name = XPWidgets.framework; path = SDK/Libraries/Mac/XPWidgets.framework; sourceTree = "<group>"; };
/* End PBXFileReference section */

/* Begin PBXFrameworksBuildPhase section */
		8F7B7F2927199066008B0789 /* Frameworks */ = {
			isa = PBXFrameworksBuildPhase;
			buildActionMask = 2147483647;
			files = (
				8FA5B18E2719935D005F59A3 /* XPLM.framework in Frameworks */,
				8FA5B1922719936D005F59A3 /* XPWidgets.framework in Frameworks */,
			);
			runOnlyForDeploymentPostprocessing = 0;
		};
/* End PBXFrameworksBuildPhase section */

/* Begin PBXGroup section */
		8F3BAA7927199254007F4E43 /* Source */ = {
			isa = PBXGroup;
			children = (
				8F3BAA7A271992C3007F4E43 /* main.cpp */,
			);
			path = Source;
			sourceTree = "<group>";
		};
		8F7B7F2227199066008B0789 = {
			isa = PBXGroup;
			children = (
				8F3BAA7927199254007F4E43 /* Source */,
				8F7B7F2C27199066008B0789 /* Products */,
				8FA5B18C2719935D005F59A3 /* Frameworks */,
			);
			sourceTree = "<group>";
		};
		8F7B7F2C27199066008B0789 /* Products */ = {
			isa = PBXGroup;
			children = (
				8F7B7F2B27199066008B0789 /* libHorizon_xpl.dylib */,
			);
			name = Products;
			sourceTree = "<group>";
		};
		8FA5B18C2719935D005F59A3 /* Frameworks */ = {
			isa = PBXGroup;
			children = (
				8FA5B18D2719935D005F59A3 /* XPLM.framework */,
				8FA5B1912719936D005F59A3 /* XPWidgets.framework */,
			);
			name = Frameworks;
			sourceTree = "<group>";
		};
/* End PBXGroup section */

/* Begin PBXHeadersBuildPhase section */
		8F7B7F2727199066008B0789 /* Headers */ = {
			isa = PBXHeadersBuildPhase;
			buildActionMask = 2147483647;
			files = (
			);
			runOnlyForDeploymentPostprocessing = 0;
		};
/* End PBXHeadersBuildPhase section */

/* Begin PBXNativeTarget section */
		8F7B7F2A27199066008B0789 /* Horizon_xpl */ = {
			isa = PBXNativeTarget;
			buildConfigurationList = 8F7B7F2F27199066008B0789 /* Build configuration list for PBXNativeTarget "Horizon_xpl" */;
			buildPhases = (
				8F7B7F2727199066008B0789 /* Headers */,
				8F7B7F2827199066008B0789 /* Sources */,
				8F7B7F2927199066008B0789 /* Frameworks */,
			);
			buildRules = (
			);
			dependencies = (
			);
			name = Horizon_xpl;
			productName = Horizon_xpl;
			productReference = 8F7B7F2B27199066008B0789 /* libHorizon_xpl.dylib */;
			productType = "com.apple.product-type.library.dynamic";
		};
/* End PBXNativeTarget section */

/* Begin PBXProject section */
		8F7B7F2327199066008B0789 /* Project object */ = {
			isa = PBXProject;
			attributes = {
				LastUpgradeCheck = 1240;
				TargetAttributes = {
					8F7B7F2A27199066008B0789 = {
						CreatedOnToolsVersion = 12.4;
					};
				};
			};
			buildConfigurationList = 8F7B7F2627199066008B0789 /* Build configuration list for PBXProject "Horizon_xpl" */;
			compatibilityVersion = "Xcode 9.3";
			developmentRegion = en;
			hasScannedForEncodings = 0;
			knownRegions = (
				en,
				Base,
			);
			mainGroup = 8F7B7F2227199066008B0789;
			productRefGroup = 8F7B7F2C27199066008B0789 /* Products */;
			projectDirPath = "";
			projectRoot = "";
			targets = (
				8F7B7F2A27199066008B0789 /* Horizon_xpl */,
			);
		};
/* End PBXProject section */

/* Begin PBXSourcesBuildPhase section */
		8F7B7F2827199066008B0789 /* Sources */ = {
			isa = PBXSourcesBuildPhase;
			buildActionMask = 2147483647;
			files = (
				8F3BAA7B271992C3007F4E43 /* main.cpp in Sources */,
			);
			runOnlyForDeploymentPostprocessing = 0;
		};
/* End PBXSourcesBuildPhase section */

/* Begin XCBuildConfiguration section */
		8F7B7F2D27199066008B0789 /* Debug */ = {
			isa = XCBuildConfiguration;
			buildSettings = {
				ALWAYS_SEARCH_USER_PATHS = NO;
				CLANG_ANALYZER_NONNULL = YES;
				CLANG_ANALYZER_NUMBER_OBJECT_CONVERSION = YES_AGGRESSIVE;
				CLANG_CXX_LANGUAGE_STANDARD = "gnu++14";
				CLANG_CXX_LIBRARY = "libc++";
				CLANG_ENABLE_MODULES = YES;
				CLANG_ENABLE_OBJC_ARC = YES;
				CLANG_ENABLE_OBJC_WEAK = YES;
				CLANG_WARN_BLOCK_CAPTURE_AUTORELEASING = YES;
				CLANG_WARN_BOOL_CONVERSION = YES;
				CLANG_WARN_COMMA = YES;
				CLANG_WARN_CONSTANT_CONVERSION = YES;
				CLANG_WARN_DEPRECATED_OBJC_IMPLEMENTATIONS = YES;
				CLANG_WARN_DIRECT_OBJC_ISA_USAGE = YES_ERROR;
				CLANG_WARN_DOCUMENTATION_COMMENTS = YES;
				CLANG_WARN_EMPTY_BODY = YES;
				CLANG_WARN_ENUM_CONVERSION = YES;
				CLANG_WARN_INFINITE_RECURSION = YES;
				CLANG_WARN_INT_CONVERSION = YES;
				CLANG_WARN_NON_LITERAL_NULL_CONVERSION = YES;
				CLANG_WARN_OBJC_IMPLICIT_RETAIN_SELF = YES;
				CLANG_WARN_OBJC_LITERAL_CONVERSION = YES;
				CLANG_WARN_OBJC_ROOT_CLASS = YES_ERROR;
				CLANG_WARN_QUOTED_INCLUDE_IN_FRAMEWORK_HEADER = YES;
				CLANG_WARN_RANGE_LOOP_ANALYSIS = YES;
				CLANG_WARN_STRICT_PROTOTYPES = YES;
				CLANG_WARN_SUSPICIOUS_MOVE = YES;
				CLANG_WARN_UNGUARDED_AVAILABILITY = YES_AGGRESSIVE;
				CLANG_WARN_UNREACHABLE_CODE = YES;
				CLANG_WARN__DUPLICATE_METHOD_MATCH = YES;
				COPY_PHASE_STRIP = NO;
				DEBUG_INFORMATION_FORMAT = dwarf;
				ENABLE_STRICT_OBJC_MSGSEND = YES;
				ENABLE_TESTABILITY = YES;
				EXECUTABLE_EXTENSION = xpl;
				GCC_C_LANGUAGE_STANDARD = gnu11;
				GCC_DYNAMIC_NO_PIC = NO;
				GCC_NO_COMMON_BLOCKS = YES;
				GCC_OPTIMIZATION_LEVEL = 0;
				GCC_PREPROCESSOR_DEFINITIONS = (
					"APL=1",
					"IBM=0",
					"LIN=0",
					"XPLM200=1",
					"XPLM210=1",
					"XPLM300=1",
					"XPLM301=1",
					"XPLM302=1",
					"XPLM303=1",
					"DEBUG=1",
					"$(inherited)",
				);
				GCC_WARN_64_TO_32_BIT_CONVERSION = YES;
				GCC_WARN_ABOUT_RETURN_TYPE = YES_ERROR;
				GCC_WARN_UNDECLARED_SELECTOR = YES;
				GCC_WARN_UNINITIALIZED_AUTOS = YES_AGGRESSIVE;
				GCC_WARN_UNUSED_FUNCTION = YES;
				GCC_WARN_UNUSED_VARIABLE = YES;
				MACOSX_DEPLOYMENT_TARGET = 10.15;
				MTL_ENABLE_DEBUG_INFO = INCLUDE_SOURCE;
				MTL_FAST_MATH = YES;
				ONLY_ACTIVE_ARCH = YES;
				SDKROOT = macosx;
			};
			name = Debug;
		};
		8F7B7F2E27199066008B0789 /* Release */ = {
			isa = XCBuildConfiguration;
			buildSettings = {
				ALWAYS_SEARCH_USER_PATHS = NO;
				CLANG_ANALYZER_NONNULL = YES;
				CLANG_ANALYZER_NUMBER_OBJECT_CONVERSION = YES_AGGRESSIVE;
				CLANG_CXX_LANGUAGE_STANDARD = "gnu++14";
				CLANG_CXX_LIBRARY = "libc++";
				CLANG_ENABLE_MODULES = YES;
				CLANG_ENABLE_OBJC_ARC = YES;
				CLANG_ENABLE_OBJC_WEAK = YES;
				CLANG_WARN_BLOCK_CAPTURE_AUTORELEASING = YES;
				CLANG_WARN_BOOL_CONVERSION = YES;
				CLANG_WARN_COMMA = YES;
				CLANG_WARN_CONSTANT_CONVERSION = YES;
				CLANG_WARN_DEPRECATED_OBJC_IMPLEMENTATIONS = YES;
				CLANG_WARN_DIRECT_OBJC_ISA_USAGE = YES_ERROR;
				CLANG_WARN_DOCUMENTATION_COMMENTS = YES;
				CLANG_WARN_EMPTY_BODY = YES;
				CLANG_WARN_ENUM_CONVERSION = YES;
				CLANG_WARN_INFINITE_RECURSION = YES;
				CLANG_WARN_INT_CONVERSION = YES;
				CLANG_WARN_NON_LITERAL_NULL_CONVERSION = YES;
				CLANG_WARN_OBJC_IMPLICIT_RETAIN_SELF = YES;
				CLANG_WARN_OBJC_LITERAL_CONVERSION = YES;
				CLANG_WARN_OBJC_ROOT_CLASS = YES_ERROR;
				CLANG_WARN_QUOTED_INCLUDE_IN_FRAMEWORK_HEADER = YES;
				CLANG_WARN_RANGE_LOOP_ANALYSIS = YES;
				CLANG_WARN_STRICT_PROTOTYPES = YES;
				CLANG_WARN_SUSPICIOUS_MOVE = YES;
				CLANG_WARN_UNGUARDED_AVAILABILITY = YES_AGGRESSIVE;
				CLANG_WARN_UNREACHABLE_CODE = YES;
				CLANG_WARN__DUPLICATE_METHOD_MATCH = YES;
				COPY_PHASE_STRIP = NO;
				DEBUG_INFORMATION_FORMAT = "dwarf-with-dsym";
				ENABLE_NS_ASSERTIONS = NO;
				ENABLE_STRICT_OBJC_MSGSEND = YES;
				EXECUTABLE_EXTENSION = xpl;
				GCC_C_LANGUAGE_STANDARD = gnu11;
				GCC_NO_COMMON_BLOCKS = YES;
				GCC_PREPROCESSOR_DEFINITIONS = (
					"APL=1",
					"IBM=0",
					"LIN=0",
					"XPLM200=1",
					"XPLM210=1",
					"XPLM300=1",
					"XPLM301=1",
					"XPLM302=1",
					"XPLM303=1",
				);
				GCC_WARN_64_TO_32_BIT_CONVERSION = YES;
				GCC_WARN_ABOUT_RETURN_TYPE = YES_ERROR;
				GCC_WARN_UNDECLARED_SELECTOR = YES;
				GCC_WARN_UNINITIALIZED_AUTOS = YES_AGGRESSIVE;
				GCC_WARN_UNUSED_FUNCTION = YES;
				GCC_WARN_UNUSED_VARIABLE = YES;
				MACOSX_DEPLOYMENT_TARGET = 10.15;
				MTL_ENABLE_DEBUG_INFO = NO;
				MTL_FAST_MATH = YES;
				SDKROOT = macosx;
			};
			name = Release;
		};
		8F7B7F3027199066008B0789 /* Debug */ = {
			isa = XCBuildConfiguration;
			buildSettings = {
				CODE_SIGN_STYLE = Automatic;
				DYLIB_COMPATIBILITY_VERSION = 1;
				DYLIB_CURRENT_VERSION = 1;
				EXECUTABLE_PREFIX = lib;
				FRAMEWORK_SEARCH_PATHS = (
					"$(inherited)",
					"$(PROJECT_DIR)/SDK/Libraries/Mac",
				);
				HEADER_SEARCH_PATHS = (
					"$(PROJECT_DIR)/SDK/CHeaders/XPLM",
					"$(PROJECT_DIR)/SDK/CHeaders/Widgets",
				);
				PRODUCT_NAME = "$(TARGET_NAME)";
				SKIP_INSTALL = YES;
			};
			name = Debug;
		};
		8F7B7F3127199066008B0789 /* Release */ = {
			isa = XCBuildConfiguration;
			buildSettings = {
				CODE_SIGN_STYLE = Automatic;
				DYLIB_COMPATIBILITY_VERSION = 1;
				DYLIB_CURRENT_VERSION = 1;
				EXECUTABLE_PREFIX = lib;
				FRAMEWORK_SEARCH_PATHS = (
					"$(inherited)",
					"$(PROJECT_DIR)/SDK/Libraries/Mac",
				);
				HEADER_SEARCH_PATHS = (
					"$(PROJECT_DIR)/SDK/CHeaders/XPLM",
					"$(PROJECT_DIR)/SDK/CHeaders/Widgets",
				);
				PRODUCT_NAME = "$(TARGET_NAME)";
				SKIP_INSTALL = YES;
			};
			name = Release;
		};
/* End XCBuildConfiguration section */

/* Begin XCConfigurationList section */
		8F7B7F2627199066008B0789 /* Build configuration list for PBXProject "Horizon_xpl" */ = {
			isa = XCConfigurationList;
			buildConfigurations = (
				8F7B7F2D27199066008B0789 /* Debug */,
				8F7B7F2E27199066008B0789 /* Release */,
			);
			defaultConfigurationIsVisible = 0;
			defaultConfigurationName = Release;
		};
		8F7B7F2F27199066008B0789 /* Build configuration list for PBXNativeTarget "Horizon_xpl" */ = {
			isa = XCConfigurationList;
			buildConfigurations = (
				8F7B7F3027199066008B0789 /* Debug */,
				8F7B7F3127199066008B0789 /* Release */,
			);
			defaultConfigurationIsVisible = 0;
			defaultConfigurationName = Release;
		};
/* End XCConfigurationList section */
	};
	rootObject = 8F7B7F2327199066008B0789 /* Project object */;
}
